
SPEC CHECKSUMS: 
  CocoaLumberjack: 0f2fa7090a23f13261072d882e017c688300efbe
  AFNetworking: 761a418233d280c1e0580bcb76ff9cb4c3073d17
  TestFlightLogger: 2cea829ed3ec2e25e21c58b3b047ea811bc9c382
  TestFlightSDK: aeec97fd81096753d53b942f030a443520a087f4
  MagicalRecord: aedbebe987d02d1215718a904c93d7965e48e398
  AFHTTPRequestOperationLogger: 1d65fa5d905211c8981a11091eae8c98b410eb19

PODS: 
- AFHTTPRequestOperationLogger (0.10.0): 
  - AFNetworking (>= 0.9.0)
- AFNetworking (1.1.0)
- CocoaLumberjack (1.6)
- MagicalRecord (2.1)
- TestFlightLogger (0.0.1): 
  - CocoaLumberjack
  - TestFlightSDK
- TestFlightSDK (1.2.4.beta)

COCOAPODS: 0.16.4

DEPENDENCIES: 
- AFHTTPRequestOperationLogger (~> 0.10.0)
- AFNetworking (~> 1.1.0)
- CocoaLumberjack (~> 1.6)
- MagicalRecord (~> 2.1)
- TestFlightLogger (~> 0.0.1)
- TestFlightSDK (~> 1.2.4.beta)
